{
  "nodes": {
    "nixpkgs": {
      "locked": {
        "lastModified": 1728295069,
        "narHash": "sha256-rX0Bvh1VFvqewg9qF8V8fTRbNQ8VUoIUokqi99Fh9Zg=",
        "owner": "vBruegge",
        "repo": "nixpkgs",
        "rev": "e857f32647e3e15b21f72d120fd7be5e45034b09",
        "type": "github"
      },
      "original": {
        "owner": "vBruegge",
        "ref": "crazyflie",
        "repo": "nixpkgs",
        "type": "github"
      }
    },
    "root": {
      "inputs": {
        "nixpkgs": "nixpkgs"
      }
    }
  },
  "root": "root",
  "version": 7
}
